Microsoft Visual Studio Solution File, Format Version 12.00
# Visual Studio 2012
Project("{FAE04EC0-301F-11D3-BF4B-00C04F79EFBC}") = "Mode 7", "Mode 7.csproj", "{C0870360-2C7A-46F5-9A0F-1B7DAD249480}"
EndProject
Global
	GlobalSection(SolutionConfigurationPlatforms) = preSolution
	Debug|Any CPU = Debug|Any CPU
	ExportDebug|Any CPU = ExportDebug|Any CPU
	ExportRelease|Any CPU = ExportRelease|Any CPU
	EndGlobalSection
	GlobalSection(ProjectConfigurationPlatforms) = postSolution
		{C0870360-2C7A-46F5-9A0F-1B7DAD249480}.Debug|Any CPU.ActiveCfg = Debug|Any CPU
		{C0870360-2C7A-46F5-9A0F-1B7DAD249480}.Debug|Any CPU.Build.0 = Debug|Any CPU
		{C0870360-2C7A-46F5-9A0F-1B7DAD249480}.ExportDebug|Any CPU.ActiveCfg = ExportDebug|Any CPU
		{C0870360-2C7A-46F5-9A0F-1B7DAD249480}.ExportDebug|Any CPU.Build.0 = ExportDebug|Any CPU
		{C0870360-2C7A-46F5-9A0F-1B7DAD249480}.ExportRelease|Any CPU.ActiveCfg = ExportRelease|Any CPU
		{C0870360-2C7A-46F5-9A0F-1B7DAD249480}.ExportRelease|Any CPU.Build.0 = ExportRelease|Any CPU
	EndGlobalSection
EndGlobal
